// !$*UTF8*$!
{
	archiveVersion = 1;
	classes = {
	};
	objectVersion = 46;
	objects = {

/* Begin PBXBuildFile section */
		4C1AD29E1A207E5F00169801 /* NSArray+WoolyFoundation.h in CopyFiles */ = {isa = PBXBuildFile; fileRef = 4CBA6DCC1324098E0052CED7 /* NSArray+WoolyFoundation.h */; };
		4C1AD29F1A207E5F00169801 /* NSBundle+WoolyFoundation.h in CopyFiles */ = {isa = PBXBuildFile; fileRef = 4CBA6DCE1324098E0052CED7 /* NSBundle+WoolyFoundation.h */; };
		4C1AD2A01A207E5F00169801 /* NSString+WoolyFoundation.h in CopyFiles */ = {isa = PBXBuildFile; fileRef = 4CBA6DD01324098E0052CED7 /* NSString+WoolyFoundation.h */; };
		4C1AD2A11A207E5F00169801 /* NSDate+WoolyFoundation.h in CopyFiles */ = {isa = PBXBuildFile; fileRef = 4CBA6DD21324098E0052CED7 /* NSDate+WoolyFoundation.h */; };
		4C1AD2A21A207E5F00169801 /* NSValue+WoolyFoundation.h in CopyFiles */ = {isa = PBXBuildFile; fileRef = 4CCB50C91463AA5700902EF5 /* NSValue+WoolyFoundation.h */; };
		4C1AD2A31A207E5F00169801 /* NSCalendar+WoolyFoundation.h in CopyFiles */ = {isa = PBXBuildFile; fileRef = 4CEE194C153CBDD200C9551D /* NSCalendar+WoolyFoundation.h */; };
		4C1AD2A41A207E5F00169801 /* NSDictionary+WoolyFoundation.h in CopyFiles */ = {isa = PBXBuildFile; fileRef = 4C3A6F7615D43F4300066413 /* NSDictionary+WoolyFoundation.h */; };
		4C1AD2A51A207E5F00169801 /* WoolyFoundation.h in CopyFiles */ = {isa = PBXBuildFile; fileRef = 4CBA6E9013240BAB0052CED7 /* WoolyFoundation.h */; };
		4C1AD2A61A207E5F00169801 /* WoolyMemory.h in CopyFiles */ = {isa = PBXBuildFile; fileRef = 4C4F45C018B0978000493FF1 /* WoolyMemory.h */; };
		4C3A6F7815D43F4700066413 /* NSDictionary+WoolyFoundation.h in Headers */ = {isa = PBXBuildFile; fileRef = 4C3A6F7615D43F4300066413 /* NSDictionary+WoolyFoundation.h */; };
		4C3A6F7915D43F4700066413 /* NSDictionary+WoolyFoundation.m in Sources */ = {isa = PBXBuildFile; fileRef = 4C3A6F7715D43F4400066413 /* NSDictionary+WoolyFoundation.m */; };
		4C5228D81A226D90002364BF /* WoolyFoundation.m in Sources */ = {isa = PBXBuildFile; fileRef = 4C5228D71A226D90002364BF /* WoolyFoundation.m */; };
		4C5228E91A227981002364BF /* WoolyFoundationTests.m in Sources */ = {isa = PBXBuildFile; fileRef = 4C5228E81A227981002364BF /* WoolyFoundationTests.m */; };
		4C5228F01A22798D002364BF /* NSString+WoolyFoundation-Tests.m in Sources */ = {isa = PBXBuildFile; fileRef = 4CD513FB134D090E004E466E /* NSString+WoolyFoundation-Tests.m */; };
		4C5228F11A22798D002364BF /* NSDate+WoolyFoundation-Tests.m in Sources */ = {isa = PBXBuildFile; fileRef = 4CD5143D134D2707004E466E /* NSDate+WoolyFoundation-Tests.m */; };
		4C5228F21A22798D002364BF /* NSCalendar+WoolyFoundation-Tests.m in Sources */ = {isa = PBXBuildFile; fileRef = 4C5228DA1A226E7E002364BF /* NSCalendar+WoolyFoundation-Tests.m */; };
		4C5228F31A22798D002364BF /* NSArray+WoolyFoundation-Tests.m in Sources */ = {isa = PBXBuildFile; fileRef = 4C7E36B4147EF0680049348F /* NSArray+WoolyFoundation-Tests.m */; };
		4C5228F41A22798D002364BF /* NSDictionary+WoolyFoundation-Tests.m in Sources */ = {isa = PBXBuildFile; fileRef = 4CB75CD618BC4754001124B8 /* NSDictionary+WoolyFoundation-Tests.m */; };
		4C5228F51A22798D002364BF /* WoolyFoundationTests-Info.plist in Resources */ = {isa = PBXBuildFile; fileRef = 4CD513F4134D08BE004E466E /* WoolyFoundationTests-Info.plist */; };
		4C5228F91A232024002364BF /* XCTest.framework in Frameworks */ = {isa = PBXBuildFile; fileRef = 4C5228F71A231FC3002364BF /* XCTest.framework */; };
		4C5228FA1A2325A7002364BF /* libWoolyFoundation.a in Frameworks */ = {isa = PBXBuildFile; fileRef = D2AAC07E0554694100DB518D /* libWoolyFoundation.a */; };
		4CBA6DD51324098E0052CED7 /* NSArray+WoolyFoundation.h in Headers */ = {isa = PBXBuildFile; fileRef = 4CBA6DCC1324098E0052CED7 /* NSArray+WoolyFoundation.h */; };
		4CBA6DD61324098E0052CED7 /* NSArray+WoolyFoundation.m in Sources */ = {isa = PBXBuildFile; fileRef = 4CBA6DCD1324098E0052CED7 /* NSArray+WoolyFoundation.m */; };
		4CBA6DD71324098E0052CED7 /* NSBundle+WoolyFoundation.h in Headers */ = {isa = PBXBuildFile; fileRef = 4CBA6DCE1324098E0052CED7 /* NSBundle+WoolyFoundation.h */; };
		4CBA6DD81324098E0052CED7 /* NSBundle+WoolyFoundation.m in Sources */ = {isa = PBXBuildFile; fileRef = 4CBA6DCF1324098E0052CED7 /* NSBundle+WoolyFoundation.m */; };
		4CBA6DD91324098E0052CED7 /* NSString+WoolyFoundation.h in Headers */ = {isa = PBXBuildFile; fileRef = 4CBA6DD01324098E0052CED7 /* NSString+WoolyFoundation.h */; };
		4CBA6DDA1324098E0052CED7 /* NSString+WoolyFoundation.m in Sources */ = {isa = PBXBuildFile; fileRef = 4CBA6DD11324098E0052CED7 /* NSString+WoolyFoundation.m */; };
		4CBA6DDB1324098E0052CED7 /* NSDate+WoolyFoundation.h in Headers */ = {isa = PBXBuildFile; fileRef = 4CBA6DD21324098E0052CED7 /* NSDate+WoolyFoundation.h */; };
		4CBA6DDC1324098E0052CED7 /* NSDate+WoolyFoundation.m in Sources */ = {isa = PBXBuildFile; fileRef = 4CBA6DD31324098E0052CED7 /* NSDate+WoolyFoundation.m */; };
		4CBA6E9113240BAB0052CED7 /* WoolyFoundation.h in Headers */ = {isa = PBXBuildFile; fileRef = 4CBA6E9013240BAB0052CED7 /* WoolyFoundation.h */; };
		4CCB50CF1463B1F800902EF5 /* NSValue+WoolyFoundation.m in Sources */ = {isa = PBXBuildFile; fileRef = 4CCB50CA1463AA5700902EF5 /* NSValue+WoolyFoundation.m */; };
		4CEE194E153CBDD200C9551D /* NSCalendar+WoolyFoundation.h in Headers */ = {isa = PBXBuildFile; fileRef = 4CEE194C153CBDD200C9551D /* NSCalendar+WoolyFoundation.h */; };
		4CEE194F153CBDD200C9551D /* NSCalendar+WoolyFoundation.m in Sources */ = {isa = PBXBuildFile; fileRef = 4CEE194D153CBDD200C9551D /* NSCalendar+WoolyFoundation.m */; };
		AA747D9F0F9514B9006C5449 /* WoolyFoundation_Prefix.pch in Headers */ = {isa = PBXBuildFile; fileRef = AA747D9E0F9514B9006C5449 /* WoolyFoundation_Prefix.pch */; };
		AACBBE4A0F95108600F1A2B1 /* Foundation.framework in Frameworks */ = {isa = PBXBuildFile; fileRef = AACBBE490F95108600F1A2B1 /* Foundation.framework */; };
/* End PBXBuildFile section */

/* Begin PBXContainerItemProxy section */
		4C5228EB1A227981002364BF /* PBXContainerItemProxy */ = {
			isa = PBXContainerItemProxy;
			containerPortal = 0867D690FE84028FC02AAC07 /* Project object */;
			proxyType = 1;
			remoteGlobalIDString = D2AAC07D0554694100DB518D;
			remoteInfo = WoolyFoundation;
		};
/* End PBXContainerItemProxy section */

/* Begin PBXCopyFilesBuildPhase section */
		4C1AD29D1A207DF800169801 /* CopyFiles */ = {
			isa = PBXCopyFilesBuildPhase;
			buildActionMask = 2147483647;
			dstPath = "include/${PRODUCT_NAME}";
			dstSubfolderSpec = 16;
			files = (
				4C1AD29E1A207E5F00169801 /* NSArray+WoolyFoundation.h in CopyFiles */,
				4C1AD29F1A207E5F00169801 /* NSBundle+WoolyFoundation.h in CopyFiles */,
				4C1AD2A01A207E5F00169801 /* NSString+WoolyFoundation.h in CopyFiles */,
				4C1AD2A11A207E5F00169801 /* NSDate+WoolyFoundation.h in CopyFiles */,
				4C1AD2A21A207E5F00169801 /* NSValue+WoolyFoundation.h in CopyFiles */,
				4C1AD2A31A207E5F00169801 /* NSCalendar+WoolyFoundation.h in CopyFiles */,
				4C1AD2A41A207E5F00169801 /* NSDictionary+WoolyFoundation.h in CopyFiles */,
				4C1AD2A51A207E5F00169801 /* WoolyFoundation.h in CopyFiles */,
				4C1AD2A61A207E5F00169801 /* WoolyMemory.h in CopyFiles */,
			);
			runOnlyForDeploymentPostprocessing = 0;
		};
/* End PBXCopyFilesBuildPhase section */

/* Begin PBXFileReference section */
		4C3A6F7615D43F4300066413 /* NSDictionary+WoolyFoundation.h */ = {isa = PBXFileReference; fileEncoding = 4; lastKnownFileType = sourcecode.c.h; name = "NSDictionary+WoolyFoundation.h"; path = "WoolyFoundation/NSDictionary+WoolyFoundation.h"; sourceTree = "<group>"; };
		4C3A6F7715D43F4400066413 /* NSDictionary+WoolyFoundation.m */ = {isa = PBXFileReference; fileEncoding = 4; lastKnownFileType = sourcecode.c.objc; name = "NSDictionary+WoolyFoundation.m"; path = "WoolyFoundation/NSDictionary+WoolyFoundation.m"; sourceTree = "<group>"; };
		4C4F45C018B0978000493FF1 /* WoolyMemory.h */ = {isa = PBXFileReference; lastKnownFileType = sourcecode.c.h; name = WoolyMemory.h; path = WoolyFoundation/WoolyMemory.h; sourceTree = "<group>"; };
		4C5228D71A226D90002364BF /* WoolyFoundation.m */ = {isa = PBXFileReference; fileEncoding = 4; lastKnownFileType = sourcecode.c.objc; name = WoolyFoundation.m; path = WoolyFoundation/WoolyFoundation.m; sourceTree = "<group>"; };
		4C5228DA1A226E7E002364BF /* NSCalendar+WoolyFoundation-Tests.m */ = {isa = PBXFileReference; fileEncoding = 4; lastKnownFileType = sourcecode.c.objc; name = "NSCalendar+WoolyFoundation-Tests.m"; path = "WoolyFoundation/Tests/NSCalendar+WoolyFoundation-Tests.m"; sourceTree = "<group>"; };
		4C5228E41A227981002364BF /* WoolyFoundationTests.xctest */ = {isa = PBXFileReference; explicitFileType = wrapper.cfbundle; includeInIndex = 0; path = WoolyFoundationTests.xctest; sourceTree = BUILT_PRODUCTS_DIR; };
		4C5228E71A227981002364BF /* Info.plist */ = {isa = PBXFileReference; lastKnownFileType = text.plist.xml; path = Info.plist; sourceTree = "<group>"; };
		4C5228E81A227981002364BF /* WoolyFoundationTests.m */ = {isa = PBXFileReference; lastKnownFileType = sourcecode.c.objc; path = WoolyFoundationTests.m; sourceTree = "<group>"; };
		4C5228F71A231FC3002364BF /* XCTest.framework */ = {isa = PBXFileReference; lastKnownFileType = wrapper.framework; name = XCTest.framework; path = Platforms/iPhoneSimulator.platform/Developer/Library/Frameworks/XCTest.framework; sourceTree = DEVELOPER_DIR; };
		4C737F0D18B342860010931D /* UIKit.framework */ = {isa = PBXFileReference; lastKnownFileType = wrapper.framework; name = UIKit.framework; path = System/Library/Frameworks/UIKit.framework; sourceTree = SDKROOT; };
		4C7E36B4147EF0680049348F /* NSArray+WoolyFoundation-Tests.m */ = {isa = PBXFileReference; fileEncoding = 4; lastKnownFileType = sourcecode.c.objc; name = "NSArray+WoolyFoundation-Tests.m"; path = "WoolyFoundation/Tests/NSArray+WoolyFoundation-Tests.m"; sourceTree = "<group>"; };
		4CB75CD618BC4754001124B8 /* NSDictionary+WoolyFoundation-Tests.m */ = {isa = PBXFileReference; fileEncoding = 4; lastKnownFileType = sourcecode.c.objc; name = "NSDictionary+WoolyFoundation-Tests.m"; path = "WoolyFoundation/Tests/NSDictionary+WoolyFoundation-Tests.m"; sourceTree = "<group>"; };
		4CBA6DCC1324098E0052CED7 /* NSArray+WoolyFoundation.h */ = {isa = PBXFileReference; fileEncoding = 4; lastKnownFileType = sourcecode.c.h; name = "NSArray+WoolyFoundation.h"; path = "WoolyFoundation/NSArray+WoolyFoundation.h"; sourceTree = "<group>"; };
		4CBA6DCD1324098E0052CED7 /* NSArray+WoolyFoundation.m */ = {isa = PBXFileReference; fileEncoding = 4; lastKnownFileType = sourcecode.c.objc; name = "NSArray+WoolyFoundation.m"; path = "WoolyFoundation/NSArray+WoolyFoundation.m"; sourceTree = "<group>"; };
		4CBA6DCE1324098E0052CED7 /* NSBundle+WoolyFoundation.h */ = {isa = PBXFileReference; fileEncoding = 4; lastKnownFileType = sourcecode.c.h; name = "NSBundle+WoolyFoundation.h"; path = "WoolyFoundation/NSBundle+WoolyFoundation.h"; sourceTree = "<group>"; };
		4CBA6DCF1324098E0052CED7 /* NSBundle+WoolyFoundation.m */ = {isa = PBXFileReference; fileEncoding = 4; lastKnownFileType = sourcecode.c.objc; name = "NSBundle+WoolyFoundation.m"; path = "WoolyFoundation/NSBundle+WoolyFoundation.m"; sourceTree = "<group>"; };
		4CBA6DD01324098E0052CED7 /* NSString+WoolyFoundation.h */ = {isa = PBXFileReference; fileEncoding = 4; lastKnownFileType = sourcecode.c.h; name = "NSString+WoolyFoundation.h"; path = "WoolyFoundation/NSString+WoolyFoundation.h"; sourceTree = "<group>"; };
		4CBA6DD11324098E0052CED7 /* NSString+WoolyFoundation.m */ = {isa = PBXFileReference; fileEncoding = 4; lastKnownFileType = sourcecode.c.objc; name = "NSString+WoolyFoundation.m"; path = "WoolyFoundation/NSString+WoolyFoundation.m"; sourceTree = "<group>"; };
		4CBA6DD21324098E0052CED7 /* NSDate+WoolyFoundation.h */ = {isa = PBXFileReference; fileEncoding = 4; lastKnownFileType = sourcecode.c.h; name = "NSDate+WoolyFoundation.h"; path = "WoolyFoundation/NSDate+WoolyFoundation.h"; sourceTree = "<group>"; };
		4CBA6DD31324098E0052CED7 /* NSDate+WoolyFoundation.m */ = {isa = PBXFileReference; fileEncoding = 4; lastKnownFileType = sourcecode.c.objc; name = "NSDate+WoolyFoundation.m"; path = "WoolyFoundation/NSDate+WoolyFoundation.m"; sourceTree = "<group>"; };
		4CBA6E9013240BAB0052CED7 /* WoolyFoundation.h */ = {isa = PBXFileReference; fileEncoding = 4; lastKnownFileType = sourcecode.c.h; name = WoolyFoundation.h; path = WoolyFoundation/WoolyFoundation.h; sourceTree = "<group>"; };
		4CCB50C91463AA5700902EF5 /* NSValue+WoolyFoundation.h */ = {isa = PBXFileReference; fileEncoding = 4; lastKnownFileType = sourcecode.c.h; name = "NSValue+WoolyFoundation.h"; path = "WoolyFoundation/NSValue+WoolyFoundation.h"; sourceTree = "<group>"; };
		4CCB50CA1463AA5700902EF5 /* NSValue+WoolyFoundation.m */ = {isa = PBXFileReference; fileEncoding = 4; lastKnownFileType = sourcecode.c.objc; name = "NSValue+WoolyFoundation.m"; path = "WoolyFoundation/NSValue+WoolyFoundation.m"; sourceTree = "<group>"; };
		4CD513F4134D08BE004E466E /* WoolyFoundationTests-Info.plist */ = {isa = PBXFileReference; lastKnownFileType = text.plist.xml; name = "WoolyFoundationTests-Info.plist"; path = "WoolyFoundation/WoolyFoundationTests-Info.plist"; sourceTree = "<group>"; };
		4CD513FB134D090E004E466E /* NSString+WoolyFoundation-Tests.m */ = {isa = PBXFileReference; fileEncoding = 4; lastKnownFileType = sourcecode.c.objc; name = "NSString+WoolyFoundation-Tests.m"; path = "WoolyFoundation/Tests/NSString+WoolyFoundation-Tests.m"; sourceTree = "<group>"; };
		4CD5143D134D2707004E466E /* NSDate+WoolyFoundation-Tests.m */ = {isa = PBXFileReference; fileEncoding = 4; lastKnownFileType = sourcecode.c.objc; name = "NSDate+WoolyFoundation-Tests.m"; path = "WoolyFoundation/Tests/NSDate+WoolyFoundation-Tests.m"; sourceTree = "<group>"; };
		4CEE194C153CBDD200C9551D /* NSCalendar+WoolyFoundation.h */ = {isa = PBXFileReference; fileEncoding = 4; lastKnownFileType = sourcecode.c.h; name = "NSCalendar+WoolyFoundation.h"; path = "WoolyFoundation/NSCalendar+WoolyFoundation.h"; sourceTree = "<group>"; };
		4CEE194D153CBDD200C9551D /* NSCalendar+WoolyFoundation.m */ = {isa = PBXFileReference; fileEncoding = 4; lastKnownFileType = sourcecode.c.objc; name = "NSCalendar+WoolyFoundation.m"; path = "WoolyFoundation/NSCalendar+WoolyFoundation.m"; sourceTree = "<group>"; };
		AA747D9E0F9514B9006C5449 /* WoolyFoundation_Prefix.pch */ = {isa = PBXFileReference; fileEncoding = 4; lastKnownFileType = sourcecode.c.h; name = WoolyFoundation_Prefix.pch; path = WoolyFoundation/WoolyFoundation_Prefix.pch; sourceTree = SOURCE_ROOT; };
		AACBBE490F95108600F1A2B1 /* Foundation.framework */ = {isa = PBXFileReference; lastKnownFileType = wrapper.framework; name = Foundation.framework; path = System/Library/Frameworks/Foundation.framework; sourceTree = SDKROOT; };
		D2AAC07E0554694100DB518D /* libWoolyFoundation.a */ = {isa = PBXFileReference; explicitFileType = archive.ar; includeInIndex = 0; path = libWoolyFoundation.a; sourceTree = BUILT_PRODUCTS_DIR; };
/* End PBXFileReference section */

/* Begin PBXFrameworksBuildPhase section */
		4C5228E11A227981002364BF /* Frameworks */ = {
			isa = PBXFrameworksBuildPhase;
			buildActionMask = 2147483647;
			files = (
				4C5228FA1A2325A7002364BF /* libWoolyFoundation.a in Frameworks */,
				4C5228F91A232024002364BF /* XCTest.framework in Frameworks */,
			);
			runOnlyForDeploymentPostprocessing = 0;
		};
		D2AAC07C0554694100DB518D /* Frameworks */ = {
			isa = PBXFrameworksBuildPhase;
			buildActionMask = 2147483647;
			files = (
				AACBBE4A0F95108600F1A2B1 /* Foundation.framework in Frameworks */,
			);
			runOnlyForDeploymentPostprocessing = 0;
		};
/* End PBXFrameworksBuildPhase section */

/* Begin PBXGroup section */
		034768DFFF38A50411DB9C8B /* Products */ = {
			isa = PBXGroup;
			children = (
				D2AAC07E0554694100DB518D /* libWoolyFoundation.a */,
				4C5228E41A227981002364BF /* WoolyFoundationTests.xctest */,
			);
			name = Products;
			sourceTree = "<group>";
		};
		0867D691FE84028FC02AAC07 /* WoolyFoundation */ = {
			isa = PBXGroup;
			children = (
				08FB77AEFE84172EC02AAC07 /* Classes */,
				32C88DFF0371C24200C91783 /* Other Sources */,
				4C5228E51A227981002364BF /* WoolyFoundationTests */,
				0867D69AFE84028FC02AAC07 /* Frameworks */,
				034768DFFF38A50411DB9C8B /* Products */,
			);
			name = WoolyFoundation;
			sourceTree = "<group>";
		};
		0867D69AFE84028FC02AAC07 /* Frameworks */ = {
			isa = PBXGroup;
			children = (
				4C5228F71A231FC3002364BF /* XCTest.framework */,
				AACBBE490F95108600F1A2B1 /* Foundation.framework */,
				4C737F0D18B342860010931D /* UIKit.framework */,
			);
			name = Frameworks;
			sourceTree = "<group>";
		};
		08FB77AEFE84172EC02AAC07 /* Classes */ = {
			isa = PBXGroup;
			children = (
				4CBA6DCC1324098E0052CED7 /* NSArray+WoolyFoundation.h */,
				4CBA6DCD1324098E0052CED7 /* NSArray+WoolyFoundation.m */,
				4CBA6DCE1324098E0052CED7 /* NSBundle+WoolyFoundation.h */,
				4CBA6DCF1324098E0052CED7 /* NSBundle+WoolyFoundation.m */,
				4CBA6DD01324098E0052CED7 /* NSString+WoolyFoundation.h */,
				4CBA6DD11324098E0052CED7 /* NSString+WoolyFoundation.m */,
				4CBA6DD21324098E0052CED7 /* NSDate+WoolyFoundation.h */,
				4CBA6DD31324098E0052CED7 /* NSDate+WoolyFoundation.m */,
				4CCB50C91463AA5700902EF5 /* NSValue+WoolyFoundation.h */,
				4CCB50CA1463AA5700902EF5 /* NSValue+WoolyFoundation.m */,
				4CEE194C153CBDD200C9551D /* NSCalendar+WoolyFoundation.h */,
				4CEE194D153CBDD200C9551D /* NSCalendar+WoolyFoundation.m */,
				4C3A6F7615D43F4300066413 /* NSDictionary+WoolyFoundation.h */,
				4C3A6F7715D43F4400066413 /* NSDictionary+WoolyFoundation.m */,
				4C5228D71A226D90002364BF /* WoolyFoundation.m */,
			);
			name = Classes;
			sourceTree = "<group>";
		};
		32C88DFF0371C24200C91783 /* Other Sources */ = {
			isa = PBXGroup;
			children = (
				AA747D9E0F9514B9006C5449 /* WoolyFoundation_Prefix.pch */,
				4CBA6E9013240BAB0052CED7 /* WoolyFoundation.h */,
				4C4F45C018B0978000493FF1 /* WoolyMemory.h */,
			);
			name = "Other Sources";
			sourceTree = "<group>";
		};
		4C5228E51A227981002364BF /* WoolyFoundationTests */ = {
			isa = PBXGroup;
			children = (
				4CD513F9134D08C9004E466E /* Tests */,
				4C5228E81A227981002364BF /* WoolyFoundationTests.m */,
				4C5228E61A227981002364BF /* Supporting Files */,
			);
			path = WoolyFoundationTests;
			sourceTree = "<group>";
		};
		4C5228E61A227981002364BF /* Supporting Files */ = {
			isa = PBXGroup;
			children = (
				4C5228E71A227981002364BF /* Info.plist */,
			);
			name = "Supporting Files";
			sourceTree = "<group>";
		};
		4CD513F9134D08C9004E466E /* Tests */ = {
			isa = PBXGroup;
			children = (
				4CD513FB134D090E004E466E /* NSString+WoolyFoundation-Tests.m */,
				4CD5143D134D2707004E466E /* NSDate+WoolyFoundation-Tests.m */,
				4C5228DA1A226E7E002364BF /* NSCalendar+WoolyFoundation-Tests.m */,
				4C7E36B4147EF0680049348F /* NSArray+WoolyFoundation-Tests.m */,
				4CB75CD618BC4754001124B8 /* NSDictionary+WoolyFoundation-Tests.m */,
				4CD513F4134D08BE004E466E /* WoolyFoundationTests-Info.plist */,
			);
			name = Tests;
			path = ..;
			sourceTree = "<group>";
		};
/* End PBXGroup section */

/* Begin PBXHeadersBuildPhase section */
		D2AAC07A0554694100DB518D /* Headers */ = {
			isa = PBXHeadersBuildPhase;
			buildActionMask = 2147483647;
			files = (
				AA747D9F0F9514B9006C5449 /* WoolyFoundation_Prefix.pch in Headers */,
				4CBA6DD51324098E0052CED7 /* NSArray+WoolyFoundation.h in Headers */,
				4CBA6DD71324098E0052CED7 /* NSBundle+WoolyFoundation.h in Headers */,
				4CBA6DD91324098E0052CED7 /* NSString+WoolyFoundation.h in Headers */,
				4CBA6DDB1324098E0052CED7 /* NSDate+WoolyFoundation.h in Headers */,
				4CBA6E9113240BAB0052CED7 /* WoolyFoundation.h in Headers */,
				4CEE194E153CBDD200C9551D /* NSCalendar+WoolyFoundation.h in Headers */,
				4C3A6F7815D43F4700066413 /* NSDictionary+WoolyFoundation.h in Headers */,
			);
			runOnlyForDeploymentPostprocessing = 0;
		};
/* End PBXHeadersBuildPhase section */

/* Begin PBXNativeTarget section */
		4C5228E31A227981002364BF /* WoolyFoundationTests */ = {
			isa = PBXNativeTarget;
			buildConfigurationList = 4C5228ED1A227981002364BF /* Build configuration list for PBXNativeTarget "WoolyFoundationTests" */;
			buildPhases = (
				4C5228E01A227981002364BF /* Sources */,
				4C5228E11A227981002364BF /* Frameworks */,
				4C5228E21A227981002364BF /* Resources */,
			);
			buildRules = (
			);
			dependencies = (
				4C5228EC1A227981002364BF /* PBXTargetDependency */,
			);
			name = WoolyFoundationTests;
			productName = WoolyFoundationTests;
			productReference = 4C5228E41A227981002364BF /* WoolyFoundationTests.xctest */;
			productType = "com.apple.product-type.bundle.unit-test";
		};
		D2AAC07D0554694100DB518D /* WoolyFoundation */ = {
			isa = PBXNativeTarget;
			buildConfigurationList = 1DEB921E08733DC00010E9CD /* Build configuration list for PBXNativeTarget "WoolyFoundation" */;
			buildPhases = (
				D2AAC07A0554694100DB518D /* Headers */,
				D2AAC07B0554694100DB518D /* Sources */,
				D2AAC07C0554694100DB518D /* Frameworks */,
				4C1AD29D1A207DF800169801 /* CopyFiles */,
			);
			buildRules = (
			);
			dependencies = (
			);
			name = WoolyFoundation;
			productName = WoolyFoundation;
			productReference = D2AAC07E0554694100DB518D /* libWoolyFoundation.a */;
			productType = "com.apple.product-type.library.static";
		};
/* End PBXNativeTarget section */

/* Begin PBXProject section */
		0867D690FE84028FC02AAC07 /* Project object */ = {
			isa = PBXProject;
			attributes = {
				LastTestingUpgradeCheck = 0610;
				LastUpgradeCheck = 0610;
				TargetAttributes = {
					4C5228E31A227981002364BF = {
						CreatedOnToolsVersion = 6.1;
					};
				};
			};
			buildConfigurationList = 1DEB922208733DC00010E9CD /* Build configuration list for PBXProject "WoolyFoundation" */;
			compatibilityVersion = "Xcode 3.2";
			developmentRegion = English;
			hasScannedForEncodings = 1;
			knownRegions = (
				English,
				Japanese,
				French,
				German,
				en,
			);
			mainGroup = 0867D691FE84028FC02AAC07 /* WoolyFoundation */;
			productRefGroup = 034768DFFF38A50411DB9C8B /* Products */;
			projectDirPath = "";
			projectRoot = "";
			targets = (
				D2AAC07D0554694100DB518D /* WoolyFoundation */,
				4C5228E31A227981002364BF /* WoolyFoundationTests */,
			);
		};
/* End PBXProject section */

/* Begin PBXResourcesBuildPhase section */
		4C5228E21A227981002364BF /* Resources */ = {
			isa = PBXResourcesBuildPhase;
			buildActionMask = 2147483647;
			files = (
				4C5228F51A22798D002364BF /* WoolyFoundationTests-Info.plist in Resources */,
			);
			runOnlyForDeploymentPostprocessing = 0;
		};
/* End PBXResourcesBuildPhase section */

/* Begin PBXSourcesBuildPhase section */
		4C5228E01A227981002364BF /* Sources */ = {
			isa = PBXSourcesBuildPhase;
			buildActionMask = 2147483647;
			files = (
				4C5228F21A22798D002364BF /* NSCalendar+WoolyFoundation-Tests.m in Sources */,
				4C5228F01A22798D002364BF /* NSString+WoolyFoundation-Tests.m in Sources */,
				4C5228F41A22798D002364BF /* NSDictionary+WoolyFoundation-Tests.m in Sources */,
				4C5228F11A22798D002364BF /* NSDate+WoolyFoundation-Tests.m in Sources */,
				4C5228E91A227981002364BF /* WoolyFoundationTests.m in Sources */,
				4C5228F31A22798D002364BF /* NSArray+WoolyFoundation-Tests.m in Sources */,
			);
			runOnlyForDeploymentPostprocessing = 0;
		};
		D2AAC07B0554694100DB518D /* Sources */ = {
			isa = PBXSourcesBuildPhase;
			buildActionMask = 2147483647;
			files = (
				4CCB50CF1463B1F800902EF5 /* NSValue+WoolyFoundation.m in Sources */,
				4CBA6DD61324098E0052CED7 /* NSArray+WoolyFoundation.m in Sources */,
				4CBA6DD81324098E0052CED7 /* NSBundle+WoolyFoundation.m in Sources */,
				4CBA6DDA1324098E0052CED7 /* NSString+WoolyFoundation.m in Sources */,
				4CBA6DDC1324098E0052CED7 /* NSDate+WoolyFoundation.m in Sources */,
				4C5228D81A226D90002364BF /* WoolyFoundation.m in Sources */,
				4CEE194F153CBDD200C9551D /* NSCalendar+WoolyFoundation.m in Sources */,
				4C3A6F7915D43F4700066413 /* NSDictionary+WoolyFoundation.m in Sources */,
			);
			runOnlyForDeploymentPostprocessing = 0;
		};
/* End PBXSourcesBuildPhase section */

/* Begin PBXTargetDependency section */
		4C5228EC1A227981002364BF /* PBXTargetDependency */ = {
			isa = PBXTargetDependency;
			target = D2AAC07D0554694100DB518D /* WoolyFoundation */;
			targetProxy = 4C5228EB1A227981002364BF /* PBXContainerItemProxy */;
		};
/* End PBXTargetDependency section */

/* Begin XCBuildConfiguration section */
		1DEB921F08733DC00010E9CD /* Debug */ = {
			isa = XCBuildConfiguration;
			buildSettings = {
				ALWAYS_SEARCH_USER_PATHS = NO;
				COPY_PHASE_STRIP = NO;
				DSTROOT = /tmp/WoolyFoundation.dst;
				GCC_DYNAMIC_NO_PIC = NO;
				GCC_MODEL_TUNING = G5;
				GCC_OPTIMIZATION_LEVEL = 0;
				GCC_PRECOMPILE_PREFIX_HEADER = YES;
				GCC_PREFIX_HEADER = WoolyFoundation/WoolyFoundation_Prefix.pch;
				INSTALL_PATH = /usr/local/lib;
				PRODUCT_NAME = WoolyFoundation;
				SKIP_INSTALL = YES;
			};
			name = Debug;
		};
		1DEB922008733DC00010E9CD /* Release */ = {
			isa = XCBuildConfiguration;
			buildSettings = {
				ALWAYS_SEARCH_USER_PATHS = NO;
				DSTROOT = /tmp/WoolyFoundation.dst;
				GCC_MODEL_TUNING = G5;
				GCC_PRECOMPILE_PREFIX_HEADER = YES;
				GCC_PREFIX_HEADER = WoolyFoundation/WoolyFoundation_Prefix.pch;
				INSTALL_PATH = /usr/local/lib;
				PRODUCT_NAME = WoolyFoundation;
				SKIP_INSTALL = YES;
			};
			name = Release;
		};
		1DEB922308733DC00010E9CD /* Debug */ = {
			isa = XCBuildConfiguration;
			buildSettings = {
				GCC_C_LANGUAGE_STANDARD = c99;
				GCC_OPTIMIZATION_LEVEL = 0;
				GCC_WARN_ABOUT_MISSING_PROTOTYPES = YES;
				GCC_WARN_ABOUT_RETURN_TYPE = YES;
				GCC_WARN_UNUSED_VARIABLE = YES;
				IPHONEOS_DEPLOYMENT_TARGET = 7.0;
				SDKROOT = iphoneos;
			};
			name = Debug;
		};
		1DEB922408733DC00010E9CD /* Release */ = {
			isa = XCBuildConfiguration;
			buildSettings = {
				GCC_C_LANGUAGE_STANDARD = c99;
				GCC_WARN_ABOUT_MISSING_PROTOTYPES = YES;
				GCC_WARN_ABOUT_RETURN_TYPE = YES;
				GCC_WARN_UNUSED_VARIABLE = YES;
				IPHONEOS_DEPLOYMENT_TARGET = 7.0;
				SDKROOT = iphoneos;
			};
			name = Release;
		};
		4C5228EE1A227981002364BF /* Debug */ = {
			isa = XCBuildConfiguration;
			buildSettings = {
				ALWAYS_SEARCH_USER_PATHS = NO;
				CLANG_CXX_LANGUAGE_STANDARD = "gnu++0x";
				CLANG_CXX_LIBRARY = "libc++";
				CLANG_ENABLE_MODULES = YES;
				CLANG_ENABLE_OBJC_ARC = YES;
				CLANG_WARN_BOOL_CONVERSION = YES;
				CLANG_WARN_CONSTANT_CONVERSION = YES;
				CLANG_WARN_DIRECT_OBJC_ISA_USAGE = YES_ERROR;
				CLANG_WARN_EMPTY_BODY = YES;
				CLANG_WARN_ENUM_CONVERSION = YES;
				CLANG_WARN_INT_CONVERSION = YES;
				CLANG_WARN_OBJC_ROOT_CLASS = YES_ERROR;
				CLANG_WARN_UNREACHABLE_CODE = YES;
				CLANG_WARN__DUPLICATE_METHOD_MATCH = YES;
				COPY_PHASE_STRIP = NO;
				ENABLE_STRICT_OBJC_MSGSEND = YES;
				FRAMEWORK_SEARCH_PATHS = (
					"$(SDKROOT)/Developer/Library/Frameworks",
					"$(inherited)",
					"$(DEVELOPER_DIR)/Platforms/iPhoneSimulator.platform/Developer/Library/Frameworks",
					"$(DEVELOPER_DIR)/Platforms/iPhone.platform/Developer/Library/Frameworks",
				);
				"FRAMEWORK_SEARCH_PATHS[sdk=iphonesimulator*]" = (
					"$(SDKROOT)/Developer/Library/Frameworks",
					"$(inherited)",
					"$(DEVELOPER_DIR)/Platforms/iPhoneSimulator.platform/Developer/Library/Frameworks",
				);
				GCC_C_LANGUAGE_STANDARD = gnu99;
				GCC_DYNAMIC_NO_PIC = NO;
				GCC_PREPROCESSOR_DEFINITIONS = (
					"DEBUG=1",
					"$(inherited)",
				);
				GCC_SYMBOLS_PRIVATE_EXTERN = NO;
				GCC_WARN_64_TO_32_BIT_CONVERSION = YES;
				GCC_WARN_ABOUT_RETURN_TYPE = YES_ERROR;
				GCC_WARN_UNDECLARED_SELECTOR = YES;
				GCC_WARN_UNINITIALIZED_AUTOS = YES_AGGRESSIVE;
				GCC_WARN_UNUSED_FUNCTION = YES;
				INFOPLIST_FILE = WoolyFoundationTests/Info.plist;
				IPHONEOS_DEPLOYMENT_TARGET = 8.1;
				LD_RUNPATH_SEARCH_PATHS = "$(inherited) @executable_path/Frameworks @loader_path/Frameworks";
				MTL_ENABLE_DEBUG_INFO = YES;
				OTHER_LDFLAGS = (
					"$(inherited)",
					"-ObjC",
				);
				PRODUCT_NAME = "$(TARGET_NAME)";
			};
			name = Debug;
		};
		4C5228EF1A227981002364BF /* Release */ = {
			isa = XCBuildConfiguration;
			buildSettings = {
				ALWAYS_SEARCH_USER_PATHS = NO;
				CLANG_CXX_LANGUAGE_STANDARD = "gnu++0x";
				CLANG_CXX_LIBRARY = "libc++";
				CLANG_ENABLE_MODULES = YES;
				CLANG_ENABLE_OBJC_ARC = YES;
				CLANG_WARN_BOOL_CONVERSION = YES;
				CLANG_WARN_CONSTANT_CONVERSION = YES;
				CLANG_WARN_DIRECT_OBJC_ISA_USAGE = YES_ERROR;
				CLANG_WARN_EMPTY_BODY = YES;
				CLANG_WARN_ENUM_CONVERSION = YES;
				CLANG_WARN_INT_CONVERSION = YES;
				CLANG_WARN_OBJC_ROOT_CLASS = YES_ERROR;
				CLANG_WARN_UNREACHABLE_CODE = YES;
				CLANG_WARN__DUPLICATE_METHOD_MATCH = YES;
				COPY_PHASE_STRIP = YES;
				ENABLE_NS_ASSERTIONS = NO;
				ENABLE_STRICT_OBJC_MSGSEND = YES;
				FRAMEWORK_SEARCH_PATHS = (
					"$(SDKROOT)/Developer/Library/Frameworks",
					"$(inherited)",
					"$(DEVELOPER_DIR)/Platforms/iPhoneSimulator.platform/Developer/Library/Frameworks",
				);
				GCC_C_LANGUAGE_STANDARD = gnu99;
				GCC_WARN_64_TO_32_BIT_CONVERSION = YES;
				GCC_WARN_ABOUT_RETURN_TYPE = YES_ERROR;
				GCC_WARN_UNDECLARED_SELECTOR = YES;
				GCC_WARN_UNINITIALIZED_AUTOS = YES_AGGRESSIVE;
				GCC_WARN_UNUSED_FUNCTION = YES;
				INFOPLIST_FILE = WoolyFoundationTests/Info.plist;
				IPHONEOS_DEPLOYMENT_TARGET = 8.1;
				LD_RUNPATH_SEARCH_PATHS = "$(inherited) @executable_path/Frameworks @loader_path/Frameworks";
				MTL_ENABLE_DEBUG_INFO = NO;
				OTHER_LDFLAGS = (
					"$(inherited)",
					"-ObjC",
				);
				PRODUCT_NAME = "$(TARGET_NAME)";
				VALIDATE_PRODUCT = YES;
			};
			name = Release;
		};
/* End XCBuildConfiguration section */

/* Begin XCConfigurationList section */
		1DEB921E08733DC00010E9CD /* Build configuration list for PBXNativeTarget "WoolyFoundation" */ = {
			isa = XCConfigurationList;
			buildConfigurations = (
				1DEB921F08733DC00010E9CD /* Debug */,
				1DEB922008733DC00010E9CD /* Release */,
			);
			defaultConfigurationIsVisible = 0;
			defaultConfigurationName = Release;
		};
		1DEB922208733DC00010E9CD /* Build configuration list for PBXProject "WoolyFoundation" */ = {
			isa = XCConfigurationList;
			buildConfigurations = (
				1DEB922308733DC00010E9CD /* Debug */,
				1DEB922408733DC00010E9CD /* Release */,
			);
			defaultConfigurationIsVisible = 0;
			defaultConfigurationName = Release;
		};
		4C5228ED1A227981002364BF /* Build configuration list for PBXNativeTarget "WoolyFoundationTests" */ = {
			isa = XCConfigurationList;
			buildConfigurations = (
				4C5228EE1A227981002364BF /* Debug */,
				4C5228EF1A227981002364BF /* Release */,
			);
			defaultConfigurationIsVisible = 0;
			defaultConfigurationName = Release;
		};
/* End XCConfigurationList section */
	};
	rootObject = 0867D690FE84028FC02AAC07 /* Project object */;
}
